// !$*UTF8*$!
{
	archiveVersion = 1;
	classes = {
	};
	objectVersion = 46;
	objects = {

/* Begin PBXBuildFile section */
		7D1755BD1CF3AA8B002B6E42 /* AppDelegate.swift in Sources */ = {isa = PBXBuildFile; fileRef = 7D1755BC1CF3AA8B002B6E42 /* AppDelegate.swift */; };
		7D1755BF1CF3AA8B002B6E42 /* ViewController.swift in Sources */ = {isa = PBXBuildFile; fileRef = 7D1755BE1CF3AA8B002B6E42 /* ViewController.swift */; };
		7D1755C21CF3AA8B002B6E42 /* Main.storyboard in Resources */ = {isa = PBXBuildFile; fileRef = 7D1755C01CF3AA8B002B6E42 /* Main.storyboard */; };
		7D1755C41CF3AA8B002B6E42 /* Assets.xcassets in Resources */ = {isa = PBXBuildFile; fileRef = 7D1755C31CF3AA8B002B6E42 /* Assets.xcassets */; };
		7D1755C71CF3AA8B002B6E42 /* LaunchScreen.storyboard in Resources */ = {isa = PBXBuildFile; fileRef = 7D1755C51CF3AA8B002B6E42 /* LaunchScreen.storyboard */; };
		7D1755DD1CF3AA8B002B6E42 /* FizzBuzzUITests.swift in Sources */ = {isa = PBXBuildFile; fileRef = 7D1755DC1CF3AA8B002B6E42 /* FizzBuzzUITests.swift */; };
		7D1755EB1CF3ABF0002B6E42 /* BrainTests.swift in Sources */ = {isa = PBXBuildFile; fileRef = 7D1755EA1CF3ABF0002B6E42 /* BrainTests.swift */; };
		7D1755ED1CF3AD2C002B6E42 /* Brain.swift in Sources */ = {isa = PBXBuildFile; fileRef = 7D1755EC1CF3AD2C002B6E42 /* Brain.swift */; };
		7D1755EF1CF3BA01002B6E42 /* GameTests.swift in Sources */ = {isa = PBXBuildFile; fileRef = 7D1755EE1CF3BA01002B6E42 /* GameTests.swift */; };
		7D1755F11CF3BA5A002B6E42 /* Game.swift in Sources */ = {isa = PBXBuildFile; fileRef = 7D1755F01CF3BA5A002B6E42 /* Game.swift */; };
/* End PBXBuildFile section */

/* Begin PBXContainerItemProxy section */
		7D1755CE1CF3AA8B002B6E42 /* PBXContainerItemProxy */ = {
			isa = PBXContainerItemProxy;
			containerPortal = 7D1755B11CF3AA8B002B6E42 /* Project object */;
			proxyType = 1;
			remoteGlobalIDString = 7D1755B81CF3AA8B002B6E42;
			remoteInfo = FizzBuzz;
		};
		7D1755D91CF3AA8B002B6E42 /* PBXContainerItemProxy */ = {
			isa = PBXContainerItemProxy;
			containerPortal = 7D1755B11CF3AA8B002B6E42 /* Project object */;
			proxyType = 1;
			remoteGlobalIDString = 7D1755B81CF3AA8B002B6E42;
			remoteInfo = FizzBuzz;
		};
/* End PBXContainerItemProxy section */

/* Begin PBXFileReference section */
		7D1755B91CF3AA8B002B6E42 /* FizzBuzz.app */ = {isa = PBXFileReference; explicitFileType = wrapper.application; includeInIndex = 0; path = FizzBuzz.app; sourceTree = BUILT_PRODUCTS_DIR; };
		7D1755BC1CF3AA8B002B6E42 /* AppDelegate.swift */ = {isa = PBXFileReference; lastKnownFileType = sourcecode.swift; path = AppDelegate.swift; sourceTree = "<group>"; };
		7D1755BE1CF3AA8B002B6E42 /* ViewController.swift */ = {isa = PBXFileReference; lastKnownFileType = sourcecode.swift; path = ViewController.swift; sourceTree = "<group>"; };
		7D1755C11CF3AA8B002B6E42 /* Base */ = {isa = PBXFileReference; lastKnownFileType = file.storyboard; name = Base; path = Base.lproj/Main.storyboard; sourceTree = "<group>"; };
		7D1755C31CF3AA8B002B6E42 /* Assets.xcassets */ = {isa = PBXFileReference; lastKnownFileType = folder.assetcatalog; path = Assets.xcassets; sourceTree = "<group>"; };
		7D1755C61CF3AA8B002B6E42 /* Base */ = {isa = PBXFileReference; lastKnownFileType = file.storyboard; name = Base; path = Base.lproj/LaunchScreen.storyboard; sourceTree = "<group>"; };
		7D1755C81CF3AA8B002B6E42 /* Info.plist */ = {isa = PBXFileReference; lastKnownFileType = text.plist.xml; path = Info.plist; sourceTree = "<group>"; };
		7D1755CD1CF3AA8B002B6E42 /* FizzBuzzTests.xctest */ = {isa = PBXFileReference; explicitFileType = wrapper.cfbundle; includeInIndex = 0; path = FizzBuzzTests.xctest; sourceTree = BUILT_PRODUCTS_DIR; };
		7D1755D31CF3AA8B002B6E42 /* Info.plist */ = {isa = PBXFileReference; lastKnownFileType = text.plist.xml; path = Info.plist; sourceTree = "<group>"; };
		7D1755D81CF3AA8B002B6E42 /* FizzBuzzUITests.xctest */ = {isa = PBXFileReference; explicitFileType = wrapper.cfbundle; includeInIndex = 0; path = FizzBuzzUITests.xctest; sourceTree = BUILT_PRODUCTS_DIR; };
		7D1755DC1CF3AA8B002B6E42 /* FizzBuzzUITests.swift */ = {isa = PBXFileReference; lastKnownFileType = sourcecode.swift; path = FizzBuzzUITests.swift; sourceTree = "<group>"; };
		7D1755DE1CF3AA8B002B6E42 /* Info.plist */ = {isa = PBXFileReference; lastKnownFileType = text.plist.xml; path = Info.plist; sourceTree = "<group>"; };
		7D1755EA1CF3ABF0002B6E42 /* BrainTests.swift */ = {isa = PBXFileReference; fileEncoding = 4; lastKnownFileType = sourcecode.swift; path = BrainTests.swift; sourceTree = "<group>"; };
		7D1755EC1CF3AD2C002B6E42 /* Brain.swift */ = {isa = PBXFileReference; fileEncoding = 4; lastKnownFileType = sourcecode.swift; path = Brain.swift; sourceTree = "<group>"; };
		7D1755EE1CF3BA01002B6E42 /* GameTests.swift */ = {isa = PBXFileReference; fileEncoding = 4; lastKnownFileType = sourcecode.swift; path = GameTests.swift; sourceTree = "<group>"; };
		7D1755F01CF3BA5A002B6E42 /* Game.swift */ = {isa = PBXFileReference; fileEncoding = 4; lastKnownFileType = sourcecode.swift; path = Game.swift; sourceTree = "<group>"; };
/* End PBXFileReference section */

/* Begin PBXFrameworksBuildPhase section */
		7D1755B61CF3AA8B002B6E42 /* Frameworks */ = {
			isa = PBXFrameworksBuildPhase;
			buildActionMask = 2147483647;
			files = (
			);
			runOnlyForDeploymentPostprocessing = 0;
		};
		7D1755CA1CF3AA8B002B6E42 /* Frameworks */ = {
			isa = PBXFrameworksBuildPhase;
			buildActionMask = 2147483647;
			files = (
			);
			runOnlyForDeploymentPostprocessing = 0;
		};
		7D1755D51CF3AA8B002B6E42 /* Frameworks */ = {
			isa = PBXFrameworksBuildPhase;
			buildActionMask = 2147483647;
			files = (
			);
			runOnlyForDeploymentPostprocessing = 0;
		};
/* End PBXFrameworksBuildPhase section */

/* Begin PBXGroup section */
		7D1755B01CF3AA8B002B6E42 = {
			isa = PBXGroup;
			children = (
				7D1755BB1CF3AA8B002B6E42 /* FizzBuzz */,
				7D1755D01CF3AA8B002B6E42 /* FizzBuzzTests */,
				7D1755DB1CF3AA8B002B6E42 /* FizzBuzzUITests */,
				7D1755BA1CF3AA8B002B6E42 /* Products */,
			);
			sourceTree = "<group>";
		};
		7D1755BA1CF3AA8B002B6E42 /* Products */ = {
			isa = PBXGroup;
			children = (
				7D1755B91CF3AA8B002B6E42 /* FizzBuzz.app */,
				7D1755CD1CF3AA8B002B6E42 /* FizzBuzzTests.xctest */,
				7D1755D81CF3AA8B002B6E42 /* FizzBuzzUITests.xctest */,
			);
			name = Products;
			sourceTree = "<group>";
		};
		7D1755BB1CF3AA8B002B6E42 /* FizzBuzz */ = {
			isa = PBXGroup;
			children = (
				7D1755BC1CF3AA8B002B6E42 /* AppDelegate.swift */,
				7D1755BE1CF3AA8B002B6E42 /* ViewController.swift */,
				7D1755C01CF3AA8B002B6E42 /* Main.storyboard */,
				7D1755C31CF3AA8B002B6E42 /* Assets.xcassets */,
				7D1755C51CF3AA8B002B6E42 /* LaunchScreen.storyboard */,
				7D1755C81CF3AA8B002B6E42 /* Info.plist */,
				7D1755EC1CF3AD2C002B6E42 /* Brain.swift */,
				7D1755F01CF3BA5A002B6E42 /* Game.swift */,
			);
			path = FizzBuzz;
			sourceTree = "<group>";
		};
		7D1755D01CF3AA8B002B6E42 /* FizzBuzzTests */ = {
			isa = PBXGroup;
			children = (
				7D1755D31CF3AA8B002B6E42 /* Info.plist */,
				7D1755EA1CF3ABF0002B6E42 /* BrainTests.swift */,
				7D1755EE1CF3BA01002B6E42 /* GameTests.swift */,
			);
			path = FizzBuzzTests;
			sourceTree = "<group>";
		};
		7D1755DB1CF3AA8B002B6E42 /* FizzBuzzUITests */ = {
			isa = PBXGroup;
			children = (
				7D1755DC1CF3AA8B002B6E42 /* FizzBuzzUITests.swift */,
				7D1755DE1CF3AA8B002B6E42 /* Info.plist */,
			);
			path = FizzBuzzUITests;
			sourceTree = "<group>";
		};
/* End PBXGroup section */

/* Begin PBXNativeTarget section */
		7D1755B81CF3AA8B002B6E42 /* FizzBuzz */ = {
			isa = PBXNativeTarget;
			buildConfigurationList = 7D1755E11CF3AA8B002B6E42 /* Build configuration list for PBXNativeTarget "FizzBuzz" */;
			buildPhases = (
				7D1755B51CF3AA8B002B6E42 /* Sources */,
				7D1755B61CF3AA8B002B6E42 /* Frameworks */,
				7D1755B71CF3AA8B002B6E42 /* Resources */,
			);
			buildRules = (
			);
			dependencies = (
			);
			name = FizzBuzz;
			productName = FizzBuzz;
			productReference = 7D1755B91CF3AA8B002B6E42 /* FizzBuzz.app */;
			productType = "com.apple.product-type.application";
		};
		7D1755CC1CF3AA8B002B6E42 /* FizzBuzzTests */ = {
			isa = PBXNativeTarget;
			buildConfigurationList = 7D1755E41CF3AA8B002B6E42 /* Build configuration list for PBXNativeTarget "FizzBuzzTests" */;
			buildPhases = (
				7D1755C91CF3AA8B002B6E42 /* Sources */,
				7D1755CA1CF3AA8B002B6E42 /* Frameworks */,
				7D1755CB1CF3AA8B002B6E42 /* Resources */,
			);
			buildRules = (
			);
			dependencies = (
				7D1755CF1CF3AA8B002B6E42 /* PBXTargetDependency */,
			);
			name = FizzBuzzTests;
			productName = FizzBuzzTests;
			productReference = 7D1755CD1CF3AA8B002B6E42 /* FizzBuzzTests.xctest */;
			productType = "com.apple.product-type.bundle.unit-test";
		};
		7D1755D71CF3AA8B002B6E42 /* FizzBuzzUITests */ = {
			isa = PBXNativeTarget;
			buildConfigurationList = 7D1755E71CF3AA8B002B6E42 /* Build configuration list for PBXNativeTarget "FizzBuzzUITests" */;
			buildPhases = (
				7D1755D41CF3AA8B002B6E42 /* Sources */,
				7D1755D51CF3AA8B002B6E42 /* Frameworks */,
				7D1755D61CF3AA8B002B6E42 /* Resources */,
			);
			buildRules = (
			);
			dependencies = (
				7D1755DA1CF3AA8B002B6E42 /* PBXTargetDependency */,
			);
			name = FizzBuzzUITests;
			productName = FizzBuzzUITests;
			productReference = 7D1755D81CF3AA8B002B6E42 /* FizzBuzzUITests.xctest */;
			productType = "com.apple.product-type.bundle.ui-testing";
		};
/* End PBXNativeTarget section */

/* Begin PBXProject section */
		7D1755B11CF3AA8B002B6E42 /* Project object */ = {
			isa = PBXProject;
			attributes = {
				LastSwiftUpdateCheck = 0730;
				LastUpgradeCheck = 0730;
				ORGANIZATIONNAME = "Vicky Gray";
				TargetAttributes = {
					7D1755B81CF3AA8B002B6E42 = {
						CreatedOnToolsVersion = 7.3.1;
					};
					7D1755CC1CF3AA8B002B6E42 = {
						CreatedOnToolsVersion = 7.3.1;
						TestTargetID = 7D1755B81CF3AA8B002B6E42;
					};
					7D1755D71CF3AA8B002B6E42 = {
						CreatedOnToolsVersion = 7.3.1;
						TestTargetID = 7D1755B81CF3AA8B002B6E42;
					};
				};
			};
			buildConfigurationList = 7D1755B41CF3AA8B002B6E42 /* Build configuration list for PBXProject "FizzBuzz" */;
			compatibilityVersion = "Xcode 3.2";
			developmentRegion = English;
			hasScannedForEncodings = 0;
			knownRegions = (
				en,
				Base,
			);
			mainGroup = 7D1755B01CF3AA8B002B6E42;
			productRefGroup = 7D1755BA1CF3AA8B002B6E42 /* Products */;
			projectDirPath = "";
			projectRoot = "";
			targets = (
				7D1755B81CF3AA8B002B6E42 /* FizzBuzz */,
				7D1755CC1CF3AA8B002B6E42 /* FizzBuzzTests */,
				7D1755D71CF3AA8B002B6E42 /* FizzBuzzUITests */,
			);
		};
/* End PBXProject section */

/* Begin PBXResourcesBuildPhase section */
		7D1755B71CF3AA8B002B6E42 /* Resources */ = {
			isa = PBXResourcesBuildPhase;
			buildActionMask = 2147483647;
			files = (
				7D1755C71CF3AA8B002B6E42 /* LaunchScreen.storyboard in Resources */,
				7D1755C41CF3AA8B002B6E42 /* Assets.xcassets in Resources */,
				7D1755C21CF3AA8B002B6E42 /* Main.storyboard in Resources */,
			);
			runOnlyForDeploymentPostprocessing = 0;
		};
		7D1755CB1CF3AA8B002B6E42 /* Resources */ = {
			isa = PBXResourcesBuildPhase;
			buildActionMask = 2147483647;
			files = (
			);
			runOnlyForDeploymentPostprocessing = 0;
		};
		7D1755D61CF3AA8B002B6E42 /* Resources */ = {
			isa = PBXResourcesBuildPhase;
			buildActionMask = 2147483647;
			files = (
			);
			runOnlyForDeploymentPostprocessing = 0;
		};
/* End PBXResourcesBuildPhase section */

/* Begin PBXSourcesBuildPhase section */
		7D1755B51CF3AA8B002B6E42 /* Sources */ = {
			isa = PBXSourcesBuildPhase;
			buildActionMask = 2147483647;
			files = (
				7D1755BF1CF3AA8B002B6E42 /* ViewController.swift in Sources */,
				7D1755ED1CF3AD2C002B6E42 /* Brain.swift in Sources */,
				7D1755BD1CF3AA8B002B6E42 /* AppDelegate.swift in Sources */,
				7D1755F11CF3BA5A002B6E42 /* Game.swift in Sources */,
			);
			runOnlyForDeploymentPostprocessing = 0;
		};
		7D1755C91CF3AA8B002B6E42 /* Sources */ = {
			isa = PBXSourcesBuildPhase;
			buildActionMask = 2147483647;
			files = (
				7D1755EB1CF3ABF0002B6E42 /* BrainTests.swift in Sources */,
				7D1755EF1CF3BA01002B6E42 /* GameTests.swift in Sources */,
			);
			runOnlyForDeploymentPostprocessing = 0;
		};
		7D1755D41CF3AA8B002B6E42 /* Sources */ = {
			isa = PBXSourcesBuildPhase;
			buildActionMask = 2147483647;
			files = (
				7D1755DD1CF3AA8B002B6E42 /* FizzBuzzUITests.swift in Sources */,
			);
			runOnlyForDeploymentPostprocessing = 0;
		};
/* End PBXSourcesBuildPhase section */

/* Begin PBXTargetDependency section */
		7D1755CF1CF3AA8B002B6E42 /* PBXTargetDependency */ = {
			isa = PBXTargetDependency;
			target = 7D1755B81CF3AA8B002B6E42 /* FizzBuzz */;
			targetProxy = 7D1755CE1CF3AA8B002B6E42 /* PBXContainerItemProxy */;
		};
		7D1755DA1CF3AA8B002B6E42 /* PBXTargetDependency */ = {
			isa = PBXTargetDependency;
			target = 7D1755B81CF3AA8B002B6E42 /* FizzBuzz */;
			targetProxy = 7D1755D91CF3AA8B002B6E42 /* PBXContainerItemProxy */;
		};
/* End PBXTargetDependency section */

/* Begin PBXVariantGroup section */
		7D1755C01CF3AA8B002B6E42 /* Main.storyboard */ = {
			isa = PBXVariantGroup;
			children = (
				7D1755C11CF3AA8B002B6E42 /* Base */,
			);
			name = Main.storyboard;
			sourceTree = "<group>";
		};
		7D1755C51CF3AA8B002B6E42 /* LaunchScreen.storyboard */ = {
			isa = PBXVariantGroup;
			children = (
				7D1755C61CF3AA8B002B6E42 /* Base */,
			);
			name = LaunchScreen.storyboard;
			sourceTree = "<group>";
		};
/* End PBXVariantGroup section */

/* Begin XCBuildConfiguration section */
		7D1755DF1CF3AA8B002B6E42 /* Debug */ = {
			isa = XCBuildConfiguration;
			buildSettings = {
				ALWAYS_SEARCH_USER_PATHS = NO;
				CLANG_ANALYZER_NONNULL = YES;
				CLANG_CXX_LANGUAGE_STANDARD = "gnu++0x";
				CLANG_CXX_LIBRARY = "libc++";
				CLANG_ENABLE_MODULES = YES;
				CLANG_ENABLE_OBJC_ARC = YES;
				CLANG_WARN_BOOL_CONVERSION = YES;
				CLANG_WARN_CONSTANT_CONVERSION = YES;
				CLANG_WARN_DIRECT_OBJC_ISA_USAGE = YES_ERROR;
				CLANG_WARN_EMPTY_BODY = YES;
				CLANG_WARN_ENUM_CONVERSION = YES;
				CLANG_WARN_INT_CONVERSION = YES;
				CLANG_WARN_OBJC_ROOT_CLASS = YES_ERROR;
				CLANG_WARN_UNREACHABLE_CODE = YES;
				CLANG_WARN__DUPLICATE_METHOD_MATCH = YES;
				"CODE_SIGN_IDENTITY[sdk=iphoneos*]" = "iPhone Developer";
				COPY_PHASE_STRIP = NO;
				DEBUG_INFORMATION_FORMAT = dwarf;
				ENABLE_STRICT_OBJC_MSGSEND = YES;
				ENABLE_TESTABILITY = YES;
				GCC_C_LANGUAGE_STANDARD = gnu99;
				GCC_DYNAMIC_NO_PIC = NO;
				GCC_NO_COMMON_BLOCKS = YES;
				GCC_OPTIMIZATION_LEVEL = 0;
				GCC_PREPROCESSOR_DEFINITIONS = (
					"DEBUG=1",
					"$(inherited)",
				);
				GCC_WARN_64_TO_32_BIT_CONVERSION = YES;
				GCC_WARN_ABOUT_RETURN_TYPE = YES_ERROR;
				GCC_WARN_UNDECLARED_SELECTOR = YES;
				GCC_WARN_UNINITIALIZED_AUTOS = YES_AGGRESSIVE;
				GCC_WARN_UNUSED_FUNCTION = YES;
				GCC_WARN_UNUSED_VARIABLE = YES;
				IPHONEOS_DEPLOYMENT_TARGET = 9.3;
				MTL_ENABLE_DEBUG_INFO = YES;
				ONLY_ACTIVE_ARCH = YES;
				SDKROOT = iphoneos;
				SWIFT_OPTIMIZATION_LEVEL = "-Onone";
				TARGETED_DEVICE_FAMILY = "1,2";
			};
			name = Debug;
		};
		7D1755E01CF3AA8B002B6E42 /* Release */ = {
			isa = XCBuildConfiguration;
			buildSettings = {
				ALWAYS_SEARCH_USER_PATHS = NO;
				CLANG_ANALYZER_NONNULL = YES;
				CLANG_CXX_LANGUAGE_STANDARD = "gnu++0x";
				CLANG_CXX_LIBRARY = "libc++";
				CLANG_ENABLE_MODULES = YES;
				CLANG_ENABLE_OBJC_ARC = YES;
				CLANG_WARN_BOOL_CONVERSION = YES;
				CLANG_WARN_CONSTANT_CONVERSION = YES;
				CLANG_WARN_DIRECT_OBJC_ISA_USAGE = YES_ERROR;
				CLANG_WARN_EMPTY_BODY = YES;
				CLANG_WARN_ENUM_CONVERSION = YES;
				CLANG_WARN_INT_CONVERSION = YES;
				CLANG_WARN_OBJC_ROOT_CLASS = YES_ERROR;
				CLANG_WARN_UNREACHABLE_CODE = YES;
				CLANG_WARN__DUPLICATE_METHOD_MATCH = YES;
				"CODE_SIGN_IDENTITY[sdk=iphoneos*]" = "iPhone Developer";
				COPY_PHASE_STRIP = NO;
				DEBUG_INFORMATION_FORMAT = "dwarf-with-dsym";
				ENABLE_NS_ASSERTIONS = NO;
				ENABLE_STRICT_OBJC_MSGSEND = YES;
				GCC_C_LANGUAGE_STANDARD = gnu99;
				GCC_NO_COMMON_BLOCKS = YES;
				GCC_WARN_64_TO_32_BIT_CONVERSION = YES;
				GCC_WARN_ABOUT_RETURN_TYPE = YES_ERROR;
				GCC_WARN_UNDECLARED_SELECTOR = YES;
				GCC_WARN_UNINITIALIZED_AUTOS = YES_AGGRESSIVE;
				GCC_WARN_UNUSED_FUNCTION = YES;
				GCC_WARN_UNUSED_VARIABLE = YES;
				IPHONEOS_DEPLOYMENT_TARGET = 9.3;
				MTL_ENABLE_DEBUG_INFO = NO;
				SDKROOT = iphoneos;
				TARGETED_DEVICE_FAMILY = "1,2";
				VALIDATE_PRODUCT = YES;
			};
			name = Release;
		};
		7D1755E21CF3AA8B002B6E42 /* Debug */ = {
			isa = XCBuildConfiguration;
			buildSettings = {
				ASSETCATALOG_COMPILER_APPICON_NAME = AppIcon;
				INFOPLIST_FILE = FizzBuzz/Info.plist;
				LD_RUNPATH_SEARCH_PATHS = "$(inherited) @executable_path/Frameworks";
				PRODUCT_BUNDLE_IDENTIFIER = com.VickyGray.FizzBuzz;
				PRODUCT_NAME = "$(TARGET_NAME)";
			};
			name = Debug;
		};
		7D1755E31CF3AA8B002B6E42 /* Release */ = {
			isa = XCBuildConfiguration;
			buildSettings = {
				ASSETCATALOG_COMPILER_APPICON_NAME = AppIcon;
				INFOPLIST_FILE = FizzBuzz/Info.plist;
				LD_RUNPATH_SEARCH_PATHS = "$(inherited) @executable_path/Frameworks";
				PRODUCT_BUNDLE_IDENTIFIER = com.VickyGray.FizzBuzz;
				PRODUCT_NAME = "$(TARGET_NAME)";
			};
			name = Release;
		};
		7D1755E51CF3AA8B002B6E42 /* Debug */ = {
			isa = XCBuildConfiguration;
			buildSettings = {
				BUNDLE_LOADER = "$(TEST_HOST)";
				CLANG_ENABLE_MODULES = YES;
				INFOPLIST_FILE = FizzBuzzTests/Info.plist;
				LD_RUNPATH_SEARCH_PATHS = "$(inherited) @executable_path/Frameworks @loader_path/Frameworks";
				PRODUCT_BUNDLE_IDENTIFIER = com.VickyGray.FizzBuzzTests;
				PRODUCT_NAME = "$(TARGET_NAME)";
				SWIFT_OPTIMIZATION_LEVEL = "-Onone";
				TEST_HOST = "$(BUILT_PRODUCTS_DIR)/FizzBuzz.app/FizzBuzz";
			};
			name = Debug;
		};
		7D1755E61CF3AA8B002B6E42 /* Release */ = {
			isa = XCBuildConfiguration;
			buildSettings = {
				BUNDLE_LOADER = "$(TEST_HOST)";
				CLANG_ENABLE_MODULES = YES;
				INFOPLIST_FILE = FizzBuzzTests/Info.plist;
				LD_RUNPATH_SEARCH_PATHS = "$(inherited) @executable_path/Frameworks @loader_path/Frameworks";
				PRODUCT_BUNDLE_IDENTIFIER = com.VickyGray.FizzBuzzTests;
				PRODUCT_NAME = "$(TARGET_NAME)";
				TEST_HOST = "$(BUILT_PRODUCTS_DIR)/FizzBuzz.app/FizzBuzz";
			};
			name = Release;
		};
		7D1755E81CF3AA8B002B6E42 /* Debug */ = {
			isa = XCBuildConfiguration;
			buildSettings = {
				INFOPLIST_FILE = FizzBuzzUITests/Info.plist;
				LD_RUNPATH_SEARCH_PATHS = "$(inherited) @executable_path/Frameworks @loader_path/Frameworks";
				PRODUCT_BUNDLE_IDENTIFIER = com.VickyGray.FizzBuzzUITests;
				PRODUCT_NAME = "$(TARGET_NAME)";
				TEST_TARGET_NAME = FizzBuzz;
			};
			name = Debug;
		};
		7D1755E91CF3AA8B002B6E42 /* Release */ = {
			isa = XCBuildConfiguration;
			buildSettings = {
				INFOPLIST_FILE = FizzBuzzUITests/Info.plist;
				LD_RUNPATH_SEARCH_PATHS = "$(inherited) @executable_path/Frameworks @loader_path/Frameworks";
				PRODUCT_BUNDLE_IDENTIFIER = com.VickyGray.FizzBuzzUITests;
				PRODUCT_NAME = "$(TARGET_NAME)";
				TEST_TARGET_NAME = FizzBuzz;
			};
			name = Release;
		};
/* End XCBuildConfiguration section */

/* Begin XCConfigurationList section */
		7D1755B41CF3AA8B002B6E42 /* Build configuration list for PBXProject "FizzBuzz" */ = {
			isa = XCConfigurationList;
			buildConfigurations = (
				7D1755DF1CF3AA8B002B6E42 /* Debug */,
				7D1755E01CF3AA8B002B6E42 /* Release */,
			);
			defaultConfigurationIsVisible = 0;
			defaultConfigurationName = Release;
		};
		7D1755E11CF3AA8B002B6E42 /* Build configuration list for PBXNativeTarget "FizzBuzz" */ = {
			isa = XCConfigurationList;
			buildConfigurations = (
				7D1755E21CF3AA8B002B6E42 /* Debug */,
				7D1755E31CF3AA8B002B6E42 /* Release */,
			);
			defaultConfigurationIsVisible = 0;
		};
		7D1755E41CF3AA8B002B6E42 /* Build configuration list for PBXNativeTarget "FizzBuzzTests" */ = {
			isa = XCConfigurationList;
			buildConfigurations = (
				7D1755E51CF3AA8B002B6E42 /* Debug */,
				7D1755E61CF3AA8B002B6E42 /* Release */,
			);
			defaultConfigurationIsVisible = 0;
		};
		7D1755E71CF3AA8B002B6E42 /* Build configuration list for PBXNativeTarget "FizzBuzzUITests" */ = {
			isa = XCConfigurationList;
			buildConfigurations = (
				7D1755E81CF3AA8B002B6E42 /* Debug */,
				7D1755E91CF3AA8B002B6E42 /* Release */,
			);
			defaultConfigurationIsVisible = 0;
		};
/* End XCConfigurationList section */
	};
	rootObject = 7D1755B11CF3AA8B002B6E42 /* Project object */;
}
